{
  "name": "storypark-smart-saver",
  "version": "2.0.0",
  "lockfileVersion": 3,
  "requires": true,
  "packages": {
    "": {
      "name": "storypark-smart-saver",
      "version": "2.0.0",
      "devDependencies": {
        "@vladmandic/human": "^3.3.6",
        "acorn": "^8.16.0"
      }
    },
    "node_modules/@vladmandic/human": {
      "version": "3.3.6",
      "resolved": "https://registry.npmjs.org/@vladmandic/human/-/human-3.3.6.tgz",
      "integrity": "sha512-Nr5mPfq1gQ+uKeXY5uM3Fj8UxvF5CEh2s6txM5wRThqaW0mF9huooOuZSrT8hhGho0hGaXLFdAwfD/2+teCv6A==",
      "dev": true,
      "license": "MIT",
      "engines": {
        "node": ">=14.0.0"
      }
    },
    "node_modules/acorn": {
      "version": "8.16.0",
      "resolved": "https://registry.npmjs.org/acorn/-/acorn-8.16.0.tgz",
      "integrity": "sha512-UVJyE9MttOsBQIDKw1skb9nAwQuR5wuGD3+82K6JgJlm/Y+KI92oNsMNGZCYdDsVtRHSak0pcV5Dno5+4jh9sw==",
      "dev": true,
      "license": "MIT",
      "bin": {
        "acorn": "bin/acorn"
      },
      "engines": {
        "node": ">=0.4.0"
      }
    }
  }
}
